// !$*UTF8*$!
{
	archiveVersion = 1;
	classes = {
	};
	objectVersion = 46;
	objects = {

/* Begin PBXBuildFile section */
		FF6D7F3D1EFAE11D006B6368 /* main.m in Sources */ = {isa = PBXBuildFile; fileRef = FF6D7F3C1EFAE11D006B6368 /* main.m */; };
		FF6D7F401EFAE11D006B6368 /* AppDelegate.m in Sources */ = {isa = PBXBuildFile; fileRef = FF6D7F3F1EFAE11D006B6368 /* AppDelegate.m */; };
		FF6D7F431EFAE11D006B6368 /* EveryDoV2.xcdatamodeld in Sources */ = {isa = PBXBuildFile; fileRef = FF6D7F411EFAE11D006B6368 /* EveryDoV2.xcdatamodeld */; };
		FF6D7F461EFAE11D006B6368 /* MasterViewController.m in Sources */ = {isa = PBXBuildFile; fileRef = FF6D7F451EFAE11D006B6368 /* MasterViewController.m */; };
		FF6D7F491EFAE11D006B6368 /* DetailViewController.m in Sources */ = {isa = PBXBuildFile; fileRef = FF6D7F481EFAE11D006B6368 /* DetailViewController.m */; };
		FF6D7F4C1EFAE11D006B6368 /* Main.storyboard in Resources */ = {isa = PBXBuildFile; fileRef = FF6D7F4A1EFAE11D006B6368 /* Main.storyboard */; };
		FF6D7F4E1EFAE11D006B6368 /* Assets.xcassets in Resources */ = {isa = PBXBuildFile; fileRef = FF6D7F4D1EFAE11D006B6368 /* Assets.xcassets */; };
		FF6D7F511EFAE11D006B6368 /* LaunchScreen.storyboard in Resources */ = {isa = PBXBuildFile; fileRef = FF6D7F4F1EFAE11D006B6368 /* LaunchScreen.storyboard */; };
		FF6D7F601EFB0AFD006B6368 /* TaskViewController.m in Sources */ = {isa = PBXBuildFile; fileRef = FF6D7F5F1EFB0AFD006B6368 /* TaskViewController.m */; };
/* End PBXBuildFile section */

/* Begin PBXFileReference section */
		FF6D7F381EFAE11D006B6368 /* EveryDoV2.app */ = {isa = PBXFileReference; explicitFileType = wrapper.application; includeInIndex = 0; path = EveryDoV2.app; sourceTree = BUILT_PRODUCTS_DIR; };
		FF6D7F3C1EFAE11D006B6368 /* main.m */ = {isa = PBXFileReference; lastKnownFileType = sourcecode.c.objc; path = main.m; sourceTree = "<group>"; };
		FF6D7F3E1EFAE11D006B6368 /* AppDelegate.h */ = {isa = PBXFileReference; lastKnownFileType = sourcecode.c.h; path = AppDelegate.h; sourceTree = "<group>"; };
		FF6D7F3F1EFAE11D006B6368 /* AppDelegate.m */ = {isa = PBXFileReference; lastKnownFileType = sourcecode.c.objc; path = AppDelegate.m; sourceTree = "<group>"; };
		FF6D7F421EFAE11D006B6368 /* EveryDoV2.xcdatamodel */ = {isa = PBXFileReference; lastKnownFileType = wrapper.xcdatamodel; path = EveryDoV2.xcdatamodel; sourceTree = "<group>"; };
		FF6D7F441EFAE11D006B6368 /* MasterViewController.h */ = {isa = PBXFileReference; lastKnownFileType = sourcecode.c.h; path = MasterViewController.h; sourceTree = "<group>"; };
		FF6D7F451EFAE11D006B6368 /* MasterViewController.m */ = {isa = PBXFileReference; lastKnownFileType = sourcecode.c.objc; path = MasterViewController.m; sourceTree = "<group>"; };
		FF6D7F471EFAE11D006B6368 /* DetailViewController.h */ = {isa = PBXFileReference; lastKnownFileType = sourcecode.c.h; path = DetailViewController.h; sourceTree = "<group>"; };
		FF6D7F481EFAE11D006B6368 /* DetailViewController.m */ = {isa = PBXFileReference; lastKnownFileType = sourcecode.c.objc; path = DetailViewController.m; sourceTree = "<group>"; };
		FF6D7F4B1EFAE11D006B6368 /* Base */ = {isa = PBXFileReference; lastKnownFileType = file.storyboard; name = Base; path = Base.lproj/Main.storyboard; sourceTree = "<group>"; };
		FF6D7F4D1EFAE11D006B6368 /* Assets.xcassets */ = {isa = PBXFileReference; lastKnownFileType = folder.assetcatalog; path = Assets.xcassets; sourceTree = "<group>"; };
		FF6D7F501EFAE11D006B6368 /* Base */ = {isa = PBXFileReference; lastKnownFileType = file.storyboard; name = Base; path = Base.lproj/LaunchScreen.storyboard; sourceTree = "<group>"; };
		FF6D7F521EFAE11D006B6368 /* Info.plist */ = {isa = PBXFileReference; lastKnownFileType = text.plist.xml; path = Info.plist; sourceTree = "<group>"; };
		FF6D7F5E1EFB0AFD006B6368 /* TaskViewController.h */ = {isa = PBXFileReference; fileEncoding = 4; lastKnownFileType = sourcecode.c.h; path = TaskViewController.h; sourceTree = "<group>"; };
		FF6D7F5F1EFB0AFD006B6368 /* TaskViewController.m */ = {isa = PBXFileReference; fileEncoding = 4; lastKnownFileType = sourcecode.c.objc; path = TaskViewController.m; sourceTree = "<group>"; };
/* End PBXFileReference section */

/* Begin PBXFrameworksBuildPhase section */
		FF6D7F351EFAE11D006B6368 /* Frameworks */ = {
			isa = PBXFrameworksBuildPhase;
			buildActionMask = 2147483647;
			files = (
			);
			runOnlyForDeploymentPostprocessing = 0;
		};
/* End PBXFrameworksBuildPhase section */

/* Begin PBXGroup section */
		FF6D7F2F1EFAE11D006B6368 = {
			isa = PBXGroup;
			children = (
				FF6D7F3A1EFAE11D006B6368 /* EveryDoV2 */,
				FF6D7F391EFAE11D006B6368 /* Products */,
			);
			sourceTree = "<group>";
		};
		FF6D7F391EFAE11D006B6368 /* Products */ = {
			isa = PBXGroup;
			children = (
				FF6D7F381EFAE11D006B6368 /* EveryDoV2.app */,
			);
			name = Products;
			sourceTree = "<group>";
		};
		FF6D7F3A1EFAE11D006B6368 /* EveryDoV2 */ = {
			isa = PBXGroup;
			children = (
				FF6D7F3E1EFAE11D006B6368 /* AppDelegate.h */,
				FF6D7F3F1EFAE11D006B6368 /* AppDelegate.m */,
				FF6D7F441EFAE11D006B6368 /* MasterViewController.h */,
				FF6D7F451EFAE11D006B6368 /* MasterViewController.m */,
				FF6D7F471EFAE11D006B6368 /* DetailViewController.h */,
				FF6D7F481EFAE11D006B6368 /* DetailViewController.m */,
				FF6D7F5E1EFB0AFD006B6368 /* TaskViewController.h */,
				FF6D7F5F1EFB0AFD006B6368 /* TaskViewController.m */,
				FF6D7F4A1EFAE11D006B6368 /* Main.storyboard */,
				FF6D7F3B1EFAE11D006B6368 /* Supporting Files */,
			);
			path = EveryDoV2;
			sourceTree = "<group>";
		};
		FF6D7F3B1EFAE11D006B6368 /* Supporting Files */ = {
			isa = PBXGroup;
			children = (
				FF6D7F4D1EFAE11D006B6368 /* Assets.xcassets */,
				FF6D7F4F1EFAE11D006B6368 /* LaunchScreen.storyboard */,
				FF6D7F521EFAE11D006B6368 /* Info.plist */,
				FF6D7F411EFAE11D006B6368 /* EveryDoV2.xcdatamodeld */,
				FF6D7F3C1EFAE11D006B6368 /* main.m */,
			);
			name = "Supporting Files";
			sourceTree = "<group>";
		};
/* End PBXGroup section */

/* Begin PBXNativeTarget section */
		FF6D7F371EFAE11D006B6368 /* EveryDoV2 */ = {
			isa = PBXNativeTarget;
			buildConfigurationList = FF6D7F551EFAE11D006B6368 /* Build configuration list for PBXNativeTarget "EveryDoV2" */;
			buildPhases = (
				FF6D7F341EFAE11D006B6368 /* Sources */,
				FF6D7F351EFAE11D006B6368 /* Frameworks */,
				FF6D7F361EFAE11D006B6368 /* Resources */,
			);
			buildRules = (
			);
			dependencies = (
			);
			name = EveryDoV2;
			productName = EveryDoV2;
			productReference = FF6D7F381EFAE11D006B6368 /* EveryDoV2.app */;
			productType = "com.apple.product-type.application";
		};
/* End PBXNativeTarget section */

/* Begin PBXProject section */
		FF6D7F301EFAE11D006B6368 /* Project object */ = {
			isa = PBXProject;
			attributes = {
				LastUpgradeCheck = 0830;
				ORGANIZATIONNAME = "Jimmy Hoang";
				TargetAttributes = {
					FF6D7F371EFAE11D006B6368 = {
						CreatedOnToolsVersion = 8.3.3;
						DevelopmentTeam = 5GMBY6V284;
						ProvisioningStyle = Automatic;
					};
				};
			};
			buildConfigurationList = FF6D7F331EFAE11D006B6368 /* Build configuration list for PBXProject "EveryDoV2" */;
			compatibilityVersion = "Xcode 3.2";
			developmentRegion = English;
			hasScannedForEncodings = 0;
			knownRegions = (
				en,
				Base,
			);
			mainGroup = FF6D7F2F1EFAE11D006B6368;
			productRefGroup = FF6D7F391EFAE11D006B6368 /* Products */;
			projectDirPath = "";
			projectRoot = "";
			targets = (
				FF6D7F371EFAE11D006B6368 /* EveryDoV2 */,
			);
		};
/* End PBXProject section */

/* Begin PBXResourcesBuildPhase section */
		FF6D7F361EFAE11D006B6368 /* Resources */ = {
			isa = PBXResourcesBuildPhase;
			buildActionMask = 2147483647;
			files = (
				FF6D7F511EFAE11D006B6368 /* LaunchScreen.storyboard in Resources */,
				FF6D7F4E1EFAE11D006B6368 /* Assets.xcassets in Resources */,
				FF6D7F4C1EFAE11D006B6368 /* Main.storyboard in Resources */,
			);
			runOnlyForDeploymentPostprocessing = 0;
		};
/* End PBXResourcesBuildPhase section */

/* Begin PBXSourcesBuildPhase section */
		FF6D7F341EFAE11D006B6368 /* Sources */ = {
			isa = PBXSourcesBuildPhase;
			buildActionMask = 2147483647;
			files = (
				FF6D7F491EFAE11D006B6368 /* DetailViewController.m in Sources */,
				FF6D7F601EFB0AFD006B6368 /* TaskViewController.m in Sources */,
				FF6D7F461EFAE11D006B6368 /* MasterViewController.m in Sources */,
				FF6D7F401EFAE11D006B6368 /* AppDelegate.m in Sources */,
				FF6D7F3D1EFAE11D006B6368 /* main.m in Sources */,
				FF6D7F431EFAE11D006B6368 /* EveryDoV2.xcdatamodeld in Sources */,
			);
			runOnlyForDeploymentPostprocessing = 0;
		};
/* End PBXSourcesBuildPhase section */

/* Begin PBXVariantGroup section */
		FF6D7F4A1EFAE11D006B6368 /* Main.storyboard */ = {
			isa = PBXVariantGroup;
			children = (
				FF6D7F4B1EFAE11D006B6368 /* Base */,
			);
			name = Main.storyboard;
			sourceTree = "<group>";
		};
		FF6D7F4F1EFAE11D006B6368 /* LaunchScreen.storyboard */ = {
			isa = PBXVariantGroup;
			children = (
				FF6D7F501EFAE11D006B6368 /* Base */,
			);
			name = LaunchScreen.storyboard;
			sourceTree = "<group>";
		};
/* End PBXVariantGroup section */

/* Begin XCBuildConfiguration section */
		FF6D7F531EFAE11D006B6368 /* Debug */ = {
			isa = XCBuildConfiguration;
			buildSettings = {
				ALWAYS_SEARCH_USER_PATHS = NO;
				CLANG_ANALYZER_NONNULL = YES;
				CLANG_ANALYZER_NUMBER_OBJECT_CONVERSION = YES_AGGRESSIVE;
				CLANG_CXX_LANGUAGE_STANDARD = "gnu++0x";
				CLANG_CXX_LIBRARY = "libc++";
				CLANG_ENABLE_MODULES = YES;
				CLANG_ENABLE_OBJC_ARC = YES;
				CLANG_WARN_BOOL_CONVERSION = YES;
				CLANG_WARN_CONSTANT_CONVERSION = YES;
				CLANG_WARN_DIRECT_OBJC_ISA_USAGE = YES_ERROR;
				CLANG_WARN_DOCUMENTATION_COMMENTS = YES;
				CLANG_WARN_EMPTY_BODY = YES;
				CLANG_WARN_ENUM_CONVERSION = YES;
				CLANG_WARN_INFINITE_RECURSION = YES;
				CLANG_WARN_INT_CONVERSION = YES;
				CLANG_WARN_OBJC_ROOT_CLASS = YES_ERROR;
				CLANG_WARN_SUSPICIOUS_MOVE = YES;
				CLANG_WARN_UNREACHABLE_CODE = YES;
				CLANG_WARN__DUPLICATE_METHOD_MATCH = YES;
				"CODE_SIGN_IDENTITY[sdk=iphoneos*]" = "iPhone Developer";
				COPY_PHASE_STRIP = NO;
				DEBUG_INFORMATION_FORMAT = dwarf;
				ENABLE_STRICT_OBJC_MSGSEND = YES;
				ENABLE_TESTABILITY = YES;
				GCC_C_LANGUAGE_STANDARD = gnu99;
				GCC_DYNAMIC_NO_PIC = NO;
				GCC_NO_COMMON_BLOCKS = YES;
				GCC_OPTIMIZATION_LEVEL = 0;
				GCC_PREPROCESSOR_DEFINITIONS = (
					"DEBUG=1",
					"$(inherited)",
				);
				GCC_WARN_64_TO_32_BIT_CONVERSION = YES;
				GCC_WARN_ABOUT_RETURN_TYPE = YES_ERROR;
				GCC_WARN_UNDECLARED_SELECTOR = YES;
				GCC_WARN_UNINITIALIZED_AUTOS = YES_AGGRESSIVE;
				GCC_WARN_UNUSED_FUNCTION = YES;
				GCC_WARN_UNUSED_VARIABLE = YES;
				IPHONEOS_DEPLOYMENT_TARGET = 10.3;
				MTL_ENABLE_DEBUG_INFO = YES;
				ONLY_ACTIVE_ARCH = YES;
				SDKROOT = iphoneos;
			};
			name = Debug;
		};
		FF6D7F541EFAE11D006B6368 /* Release */ = {
			isa = XCBuildConfiguration;
			buildSettings = {
				ALWAYS_SEARCH_USER_PATHS = NO;
				CLANG_ANALYZER_NONNULL = YES;
				CLANG_ANALYZER_NUMBER_OBJECT_CONVERSION = YES_AGGRESSIVE;
				CLANG_CXX_LANGUAGE_STANDARD = "gnu++0x";
				CLANG_CXX_LIBRARY = "libc++";
				CLANG_ENABLE_MODULES = YES;
				CLANG_ENABLE_OBJC_ARC = YES;
				CLANG_WARN_BOOL_CONVERSION = YES;
				CLANG_WARN_CONSTANT_CONVERSION = YES;
				CLANG_WARN_DIRECT_OBJC_ISA_USAGE = YES_ERROR;
				CLANG_WARN_DOCUMENTATION_COMMENTS = YES;
				CLANG_WARN_EMPTY_BODY = YES;
				CLANG_WARN_ENUM_CONVERSION = YES;
				CLANG_WARN_INFINITE_RECURSION = YES;
				CLANG_WARN_INT_CONVERSION = YES;
				CLANG_WARN_OBJC_ROOT_CLASS = YES_ERROR;
				CLANG_WARN_SUSPICIOUS_MOVE = YES;
				CLANG_WARN_UNREACHABLE_CODE = YES;
				CLANG_WARN__DUPLICATE_METHOD_MATCH = YES;
				"CODE_SIGN_IDENTITY[sdk=iphoneos*]" = "iPhone Developer";
				COPY_PHASE_STRIP = NO;
				DEBUG_INFORMATION_FORMAT = "dwarf-with-dsym";
				ENABLE_NS_ASSERTIONS = NO;
				ENABLE_STRICT_OBJC_MSGSEND = YES;
				GCC_C_LANGUAGE_STANDARD = gnu99;
				GCC_NO_COMMON_BLOCKS = YES;
				GCC_WARN_64_TO_32_BIT_CONVERSION = YES;
				GCC_WARN_ABOUT_RETURN_TYPE = YES_ERROR;
				GCC_WARN_UNDECLARED_SELECTOR = YES;
				GCC_WARN_UNINITIALIZED_AUTOS = YES_AGGRESSIVE;
				GCC_WARN_UNUSED_FUNCTION = YES;
				GCC_WARN_UNUSED_VARIABLE = YES;
				IPHONEOS_DEPLOYMENT_TARGET = 10.3;
				MTL_ENABLE_DEBUG_INFO = NO;
				SDKROOT = iphoneos;
				VALIDATE_PRODUCT = YES;
			};
			name = Release;
		};
		FF6D7F561EFAE11D006B6368 /* Debug */ = {
			isa = XCBuildConfiguration;
			buildSettings = {
				ASSETCATALOG_COMPILER_APPICON_NAME = AppIcon;
				DEVELOPMENT_TEAM = 5GMBY6V284;
				INFOPLIST_FILE = EveryDoV2/Info.plist;
				LD_RUNPATH_SEARCH_PATHS = "$(inherited) @executable_path/Frameworks";
				PRODUCT_BUNDLE_IDENTIFIER = com.JimmyHoang.EveryDoV2;
				PRODUCT_NAME = "$(TARGET_NAME)";
			};
			name = Debug;
		};
		FF6D7F571EFAE11D006B6368 /* Release */ = {
			isa = XCBuildConfiguration;
			buildSettings = {
				ASSETCATALOG_COMPILER_APPICON_NAME = AppIcon;
				DEVELOPMENT_TEAM = 5GMBY6V284;
				INFOPLIST_FILE = EveryDoV2/Info.plist;
				LD_RUNPATH_SEARCH_PATHS = "$(inherited) @executable_path/Frameworks";
				PRODUCT_BUNDLE_IDENTIFIER = com.JimmyHoang.EveryDoV2;
				PRODUCT_NAME = "$(TARGET_NAME)";
			};
			name = Release;
		};
/* End XCBuildConfiguration section */

/* Begin XCConfigurationList section */
		FF6D7F331EFAE11D006B6368 /* Build configuration list for PBXProject "EveryDoV2" */ = {
			isa = XCConfigurationList;
			buildConfigurations = (
				FF6D7F531EFAE11D006B6368 /* Debug */,
				FF6D7F541EFAE11D006B6368 /* Release */,
			);
			defaultConfigurationIsVisible = 0;
			defaultConfigurationName = Release;
		};
		FF6D7F551EFAE11D006B6368 /* Build configuration list for PBXNativeTarget "EveryDoV2" */ = {
			isa = XCConfigurationList;
			buildConfigurations = (
				FF6D7F561EFAE11D006B6368 /* Debug */,
				FF6D7F571EFAE11D006B6368 /* Release */,
			);
			defaultConfigurationIsVisible = 0;
			defaultConfigurationName = Release;
		};
/* End XCConfigurationList section */

/* Begin XCVersionGroup section */
		FF6D7F411EFAE11D006B6368 /* EveryDoV2.xcdatamodeld */ = {
			isa = XCVersionGroup;
			children = (
				FF6D7F421EFAE11D006B6368 /* EveryDoV2.xcdatamodel */,
			);
			currentVersion = FF6D7F421EFAE11D006B6368 /* EveryDoV2.xcdatamodel */;
			path = EveryDoV2.xcdatamodeld;
			sourceTree = "<group>";
			versionGroupType = wrapper.xcdatamodel;
		};
/* End XCVersionGroup section */
	};
	rootObject = FF6D7F301EFAE11D006B6368 /* Project object */;
}
